
Microsoft Visual Studio Solution File, Format Version 12.00
# Visual Studio 14
VisualStudioVersion = 14.0.25420.1
MinimumVisualStudioVersion = 10.0.40219.1
Project("{2150E333-8FDC-42A3-9474-1A3956D46DE8}") = "src", "src", "{5A8C6A81-2596-4E02-9424-78F4F45580A4}"
EndProject
Project("{2150E333-8FDC-42A3-9474-1A3956D46DE8}") = "Solution Items", "Solution Items", "{46B9714E-D412-4819-8065-DCC2CF65EBEB}"
	ProjectSection(SolutionItems) = preProject
		global.json = global.json
	EndProjectSection
EndProject
Project("{8BB2217D-0F2D-49D1-97BC-3654ED321F3B}") = "SimpleSoft.Database.Migrator", "src\SimpleSoft.Database.Migrator\SimpleSoft.Database.Migrator.xproj", "{ADA7C9FD-34F2-493C-92B3-3B2EA237B4A2}"
EndProject
Project("{2150E333-8FDC-42A3-9474-1A3956D46DE8}") = "git", "git", "{7964E107-C7C2-4C6E-9681-96DD9E6F529E}"
	ProjectSection(SolutionItems) = preProject
		.gitattributes = .gitattributes
		.gitignore = .gitignore
	EndProjectSection
EndProject
Project("{2150E333-8FDC-42A3-9474-1A3956D46DE8}") = "other", "other", "{25967BBA-0F5C-437E-9CAB-8DC00E0536E5}"
	ProjectSection(SolutionItems) = preProject
		LICENSE = LICENSE
		README.md = README.md
	EndProjectSection
EndProject
Project("{8BB2217D-0F2D-49D1-97BC-3654ED321F3B}") = "SimpleSoft.Database.Migrator.Abstractions", "src\SimpleSoft.Database.Migrator.Abstractions\SimpleSoft.Database.Migrator.Abstractions.xproj", "{A0CE1591-237D-4B48-AA17-845BD3B589DF}"
EndProject
Project("{2150E333-8FDC-42A3-9474-1A3956D46DE8}") = "test", "test", "{9F7E53A5-9F41-41F5-BDF0-606EDF4C4A52}"
EndProject
Project("{8BB2217D-0F2D-49D1-97BC-3654ED321F3B}") = "SimpleSoft.Database.Migrator.Tests", "test\SimpleSoft.Database.Migrator.Tests\SimpleSoft.Database.Migrator.Tests.xproj", "{2AA53A67-2C70-4F2E-A050-FD8AB353E8F1}"
EndProject
Project("{8BB2217D-0F2D-49D1-97BC-3654ED321F3B}") = "SimpleSoft.Database.Migrator.Relational", "src\SimpleSoft.Database.Migrator.Relational\SimpleSoft.Database.Migrator.Relational.xproj", "{BA158840-913C-4313-8DE1-26B505B904E5}"
EndProject
Project("{2150E333-8FDC-42A3-9474-1A3956D46DE8}") = "tools", "tools", "{5B7C7FE1-C7B2-4333-972D-5F75BF9B4363}"
	ProjectSection(SolutionItems) = preProject
		tools\PackAll.ps1 = tools\PackAll.ps1
		tools\SimpleSoft.Database.PublicKey = tools\SimpleSoft.Database.PublicKey
		tools\SimpleSoft.Database.snk = tools\SimpleSoft.Database.snk
	EndProjectSection
EndProject
Project("{8BB2217D-0F2D-49D1-97BC-3654ED321F3B}") = "SimpleSoft.Database.Migrator.SqlServer", "src\SimpleSoft.Database.Migrator.SqlServer\SimpleSoft.Database.Migrator.SqlServer.xproj", "{31BFB593-5A38-429E-A553-5D7EC950DD93}"
EndProject
Global
	GlobalSection(SolutionConfigurationPlatforms) = preSolution
		Debug|Any CPU = Debug|Any CPU
		Release|Any CPU = Release|Any CPU
	EndGlobalSection
	GlobalSection(ProjectConfigurationPlatforms) = postSolution
		{ADA7C9FD-34F2-493C-92B3-3B2EA237B4A2}.Debug|Any CPU.ActiveCfg = Debug|Any CPU
		{ADA7C9FD-34F2-493C-92B3-3B2EA237B4A2}.Debug|Any CPU.Build.0 = Debug|Any CPU
		{ADA7C9FD-34F2-493C-92B3-3B2EA237B4A2}.Release|Any CPU.ActiveCfg = Release|Any CPU
		{ADA7C9FD-34F2-493C-92B3-3B2EA237B4A2}.Release|Any CPU.Build.0 = Release|Any CPU
		{A0CE1591-237D-4B48-AA17-845BD3B589DF}.Debug|Any CPU.ActiveCfg = Debug|Any CPU
		{A0CE1591-237D-4B48-AA17-845BD3B589DF}.Debug|Any CPU.Build.0 = Debug|Any CPU
		{A0CE1591-237D-4B48-AA17-845BD3B589DF}.Release|Any CPU.ActiveCfg = Release|Any CPU
		{A0CE1591-237D-4B48-AA17-845BD3B589DF}.Release|Any CPU.Build.0 = Release|Any CPU
		{2AA53A67-2C70-4F2E-A050-FD8AB353E8F1}.Debug|Any CPU.ActiveCfg = Debug|Any CPU
		{2AA53A67-2C70-4F2E-A050-FD8AB353E8F1}.Debug|Any CPU.Build.0 = Debug|Any CPU
		{2AA53A67-2C70-4F2E-A050-FD8AB353E8F1}.Release|Any CPU.ActiveCfg = Release|Any CPU
		{2AA53A67-2C70-4F2E-A050-FD8AB353E8F1}.Release|Any CPU.Build.0 = Release|Any CPU
		{BA158840-913C-4313-8DE1-26B505B904E5}.Debug|Any CPU.ActiveCfg = Debug|Any CPU
		{BA158840-913C-4313-8DE1-26B505B904E5}.Debug|Any CPU.Build.0 = Debug|Any CPU
		{BA158840-913C-4313-8DE1-26B505B904E5}.Release|Any CPU.ActiveCfg = Release|Any CPU
		{BA158840-913C-4313-8DE1-26B505B904E5}.Release|Any CPU.Build.0 = Release|Any CPU
		{31BFB593-5A38-429E-A553-5D7EC950DD93}.Debug|Any CPU.ActiveCfg = Debug|Any CPU
		{31BFB593-5A38-429E-A553-5D7EC950DD93}.Debug|Any CPU.Build.0 = Debug|Any CPU
		{31BFB593-5A38-429E-A553-5D7EC950DD93}.Release|Any CPU.ActiveCfg = Release|Any CPU
		{31BFB593-5A38-429E-A553-5D7EC950DD93}.Release|Any CPU.Build.0 = Release|Any CPU
	EndGlobalSection
	GlobalSection(SolutionProperties) = preSolution
		HideSolutionNode = FALSE
	EndGlobalSection
	GlobalSection(NestedProjects) = preSolution
		{ADA7C9FD-34F2-493C-92B3-3B2EA237B4A2} = {5A8C6A81-2596-4E02-9424-78F4F45580A4}
		{7964E107-C7C2-4C6E-9681-96DD9E6F529E} = {46B9714E-D412-4819-8065-DCC2CF65EBEB}
		{25967BBA-0F5C-437E-9CAB-8DC00E0536E5} = {46B9714E-D412-4819-8065-DCC2CF65EBEB}
		{A0CE1591-237D-4B48-AA17-845BD3B589DF} = {5A8C6A81-2596-4E02-9424-78F4F45580A4}
		{2AA53A67-2C70-4F2E-A050-FD8AB353E8F1} = {9F7E53A5-9F41-41F5-BDF0-606EDF4C4A52}
		{BA158840-913C-4313-8DE1-26B505B904E5} = {5A8C6A81-2596-4E02-9424-78F4F45580A4}
		{5B7C7FE1-C7B2-4333-972D-5F75BF9B4363} = {46B9714E-D412-4819-8065-DCC2CF65EBEB}
		{31BFB593-5A38-429E-A553-5D7EC950DD93} = {5A8C6A81-2596-4E02-9424-78F4F45580A4}
	EndGlobalSection
EndGlobal
