
Microsoft Visual Studio Solution File, Format Version 12.00
# Visual Studio 15
VisualStudioVersion = 15.0.27130.2036
MinimumVisualStudioVersion = 10.0.40219.1
Project("{2150E333-8FDC-42A3-9474-1A3956D46DE8}") = "src", "src", "{7FFC43C5-08AC-402A-924E-ABBFB47D68D1}"
EndProject
Project("{9A19103F-16F7-4668-BE54-9A1E7A4F7556}") = "SimpleSoft.Database.Migrator.Abstractions", "src\SimpleSoft.Database.Migrator.Abstractions\SimpleSoft.Database.Migrator.Abstractions.csproj", "{8945B4F5-6360-40F4-8F16-F8C399CC7E57}"
EndProject
Project("{9A19103F-16F7-4668-BE54-9A1E7A4F7556}") = "SimpleSoft.Database.Migrator", "src\SimpleSoft.Database.Migrator\SimpleSoft.Database.Migrator.csproj", "{8791C441-1D4A-4E51-BD9F-3D18A46CFBED}"
EndProject
Project("{2150E333-8FDC-42A3-9474-1A3956D46DE8}") = "relational", "relational", "{CA498CE6-3BDE-40D1-8C09-485B5DFF6983}"
EndProject
Project("{9A19103F-16F7-4668-BE54-9A1E7A4F7556}") = "SimpleSoft.Database.Migrator.Relational", "src\SimpleSoft.Database.Migrator.Relational\SimpleSoft.Database.Migrator.Relational.csproj", "{5D1553F9-73CF-4686-809D-EC68C4D6B3A9}"
EndProject
Project("{9A19103F-16F7-4668-BE54-9A1E7A4F7556}") = "SimpleSoft.Database.Migrator.Oracle", "src\SimpleSoft.Database.Migrator.Oracle\SimpleSoft.Database.Migrator.Oracle.csproj", "{EA64C148-BA1C-4D2B-9D93-95D4307E693A}"
EndProject
Project("{9A19103F-16F7-4668-BE54-9A1E7A4F7556}") = "SimpleSoft.Database.Migrator.SqlServer", "src\SimpleSoft.Database.Migrator.SqlServer\SimpleSoft.Database.Migrator.SqlServer.csproj", "{10A74315-199A-46C4-BBA3-29D7D09CAAA3}"
EndProject
Project("{2150E333-8FDC-42A3-9474-1A3956D46DE8}") = "test", "test", "{F425B0CE-B701-4323-8D41-7E78F3DC0432}"
EndProject
Project("{9A19103F-16F7-4668-BE54-9A1E7A4F7556}") = "SimpleSoft.Database.Migrator.Tests", "test\SimpleSoft.Database.Migrator.Tests\SimpleSoft.Database.Migrator.Tests.csproj", "{13463A12-2E2C-4441-B69D-59AF652822F6}"
EndProject
Project("{2150E333-8FDC-42A3-9474-1A3956D46DE8}") = "items", "items", "{7BA79F3D-FABD-478A-8FAE-ABB86E4BC17E}"
EndProject
Project("{2150E333-8FDC-42A3-9474-1A3956D46DE8}") = "git", "git", "{CE416A61-9733-4279-A4D7-E40A8998D02B}"
	ProjectSection(SolutionItems) = preProject
		.gitattributes = .gitattributes
		.gitignore = .gitignore
	EndProjectSection
EndProject
Project("{2150E333-8FDC-42A3-9474-1A3956D46DE8}") = "other", "other", "{0C5CF702-5421-4122-B8C9-F091C918EF58}"
	ProjectSection(SolutionItems) = preProject
		LICENSE = LICENSE
		README.md = README.md
	EndProjectSection
EndProject
Project("{2150E333-8FDC-42A3-9474-1A3956D46DE8}") = "tools", "tools", "{A31DF7D4-8B7F-4E05-B566-5E33C63519C9}"
	ProjectSection(SolutionItems) = preProject
		tools\assemblymetadata.ps1 = tools\assemblymetadata.ps1
		tools\SimpleSoft.Database.PublicKey = tools\SimpleSoft.Database.PublicKey
		tools\SimpleSoft.Database.snk = tools\SimpleSoft.Database.snk
	EndProjectSection
EndProject
Project("{2150E333-8FDC-42A3-9474-1A3956D46DE8}") = "logging", "logging", "{650429AA-1866-4CD0-B464-E8E291211883}"
EndProject
Project("{9A19103F-16F7-4668-BE54-9A1E7A4F7556}") = "SimpleSoft.Database.Migrator.Logging.Microsoft", "src\SimpleSoft.Database.Migrator.Logging.Microsoft\SimpleSoft.Database.Migrator.Logging.Microsoft.csproj", "{2DD7CB68-56C4-4E7B-AC59-AF627322CA0C}"
EndProject
Global
	GlobalSection(SolutionConfigurationPlatforms) = preSolution
		Debug|Any CPU = Debug|Any CPU
		Release|Any CPU = Release|Any CPU
	EndGlobalSection
	GlobalSection(ProjectConfigurationPlatforms) = postSolution
		{8945B4F5-6360-40F4-8F16-F8C399CC7E57}.Debug|Any CPU.ActiveCfg = Debug|Any CPU
		{8945B4F5-6360-40F4-8F16-F8C399CC7E57}.Debug|Any CPU.Build.0 = Debug|Any CPU
		{8945B4F5-6360-40F4-8F16-F8C399CC7E57}.Release|Any CPU.ActiveCfg = Release|Any CPU
		{8945B4F5-6360-40F4-8F16-F8C399CC7E57}.Release|Any CPU.Build.0 = Release|Any CPU
		{8791C441-1D4A-4E51-BD9F-3D18A46CFBED}.Debug|Any CPU.ActiveCfg = Debug|Any CPU
		{8791C441-1D4A-4E51-BD9F-3D18A46CFBED}.Debug|Any CPU.Build.0 = Debug|Any CPU
		{8791C441-1D4A-4E51-BD9F-3D18A46CFBED}.Release|Any CPU.ActiveCfg = Release|Any CPU
		{8791C441-1D4A-4E51-BD9F-3D18A46CFBED}.Release|Any CPU.Build.0 = Release|Any CPU
		{5D1553F9-73CF-4686-809D-EC68C4D6B3A9}.Debug|Any CPU.ActiveCfg = Debug|Any CPU
		{5D1553F9-73CF-4686-809D-EC68C4D6B3A9}.Debug|Any CPU.Build.0 = Debug|Any CPU
		{5D1553F9-73CF-4686-809D-EC68C4D6B3A9}.Release|Any CPU.ActiveCfg = Release|Any CPU
		{5D1553F9-73CF-4686-809D-EC68C4D6B3A9}.Release|Any CPU.Build.0 = Release|Any CPU
		{EA64C148-BA1C-4D2B-9D93-95D4307E693A}.Debug|Any CPU.ActiveCfg = Debug|Any CPU
		{EA64C148-BA1C-4D2B-9D93-95D4307E693A}.Debug|Any CPU.Build.0 = Debug|Any CPU
		{EA64C148-BA1C-4D2B-9D93-95D4307E693A}.Release|Any CPU.ActiveCfg = Release|Any CPU
		{EA64C148-BA1C-4D2B-9D93-95D4307E693A}.Release|Any CPU.Build.0 = Release|Any CPU
		{10A74315-199A-46C4-BBA3-29D7D09CAAA3}.Debug|Any CPU.ActiveCfg = Debug|Any CPU
		{10A74315-199A-46C4-BBA3-29D7D09CAAA3}.Debug|Any CPU.Build.0 = Debug|Any CPU
		{10A74315-199A-46C4-BBA3-29D7D09CAAA3}.Release|Any CPU.ActiveCfg = Release|Any CPU
		{10A74315-199A-46C4-BBA3-29D7D09CAAA3}.Release|Any CPU.Build.0 = Release|Any CPU
		{13463A12-2E2C-4441-B69D-59AF652822F6}.Debug|Any CPU.ActiveCfg = Debug|Any CPU
		{13463A12-2E2C-4441-B69D-59AF652822F6}.Debug|Any CPU.Build.0 = Debug|Any CPU
		{13463A12-2E2C-4441-B69D-59AF652822F6}.Release|Any CPU.ActiveCfg = Release|Any CPU
		{13463A12-2E2C-4441-B69D-59AF652822F6}.Release|Any CPU.Build.0 = Release|Any CPU
		{2DD7CB68-56C4-4E7B-AC59-AF627322CA0C}.Debug|Any CPU.ActiveCfg = Debug|Any CPU
		{2DD7CB68-56C4-4E7B-AC59-AF627322CA0C}.Debug|Any CPU.Build.0 = Debug|Any CPU
		{2DD7CB68-56C4-4E7B-AC59-AF627322CA0C}.Release|Any CPU.ActiveCfg = Release|Any CPU
		{2DD7CB68-56C4-4E7B-AC59-AF627322CA0C}.Release|Any CPU.Build.0 = Release|Any CPU
	EndGlobalSection
	GlobalSection(SolutionProperties) = preSolution
		HideSolutionNode = FALSE
	EndGlobalSection
	GlobalSection(NestedProjects) = preSolution
		{8945B4F5-6360-40F4-8F16-F8C399CC7E57} = {7FFC43C5-08AC-402A-924E-ABBFB47D68D1}
		{8791C441-1D4A-4E51-BD9F-3D18A46CFBED} = {7FFC43C5-08AC-402A-924E-ABBFB47D68D1}
		{CA498CE6-3BDE-40D1-8C09-485B5DFF6983} = {7FFC43C5-08AC-402A-924E-ABBFB47D68D1}
		{5D1553F9-73CF-4686-809D-EC68C4D6B3A9} = {CA498CE6-3BDE-40D1-8C09-485B5DFF6983}
		{EA64C148-BA1C-4D2B-9D93-95D4307E693A} = {CA498CE6-3BDE-40D1-8C09-485B5DFF6983}
		{10A74315-199A-46C4-BBA3-29D7D09CAAA3} = {CA498CE6-3BDE-40D1-8C09-485B5DFF6983}
		{13463A12-2E2C-4441-B69D-59AF652822F6} = {F425B0CE-B701-4323-8D41-7E78F3DC0432}
		{CE416A61-9733-4279-A4D7-E40A8998D02B} = {7BA79F3D-FABD-478A-8FAE-ABB86E4BC17E}
		{0C5CF702-5421-4122-B8C9-F091C918EF58} = {7BA79F3D-FABD-478A-8FAE-ABB86E4BC17E}
		{A31DF7D4-8B7F-4E05-B566-5E33C63519C9} = {7BA79F3D-FABD-478A-8FAE-ABB86E4BC17E}
		{650429AA-1866-4CD0-B464-E8E291211883} = {7FFC43C5-08AC-402A-924E-ABBFB47D68D1}
		{2DD7CB68-56C4-4E7B-AC59-AF627322CA0C} = {650429AA-1866-4CD0-B464-E8E291211883}
	EndGlobalSection
	GlobalSection(ExtensibilityGlobals) = postSolution
		SolutionGuid = {B4CE8A40-EF16-4A32-AFE7-588468DB59EB}
	EndGlobalSection
EndGlobal
